// !$*UTF8*$!
{
	archiveVersion = 1;
	classes = {
	};
	objectVersion = 50;
	objects = {

/* Begin PBXBuildFile section */
		627BDBAF9B8A439D79B43F93 /* Pods_FlixUITests.framework in Frameworks */ = {isa = PBXBuildFile; fileRef = 32E193AE05E2FB2EF625C9BD /* Pods_FlixUITests.framework */; };
		975B28DFA7A06445186BC2E6 /* Pods_Flix.framework in Frameworks */ = {isa = PBXBuildFile; fileRef = C6B720513835D8F6469B3B78 /* Pods_Flix.framework */; };
		D4E6564DDDE98ADB512E4E43 /* Pods_FlixTests.framework in Frameworks */ = {isa = PBXBuildFile; fileRef = 6E8A8C22092D535E8D6FCA80 /* Pods_FlixTests.framework */; };
		D7021584221AA1DB0035A35A /* AppDelegate.swift in Sources */ = {isa = PBXBuildFile; fileRef = D7021583221AA1DB0035A35A /* AppDelegate.swift */; };
		D7021586221AA1DB0035A35A /* ViewController.swift in Sources */ = {isa = PBXBuildFile; fileRef = D7021585221AA1DB0035A35A /* ViewController.swift */; };
		D7021589221AA1DB0035A35A /* Main.storyboard in Resources */ = {isa = PBXBuildFile; fileRef = D7021587221AA1DB0035A35A /* Main.storyboard */; };
		D702158B221AA1E30035A35A /* Assets.xcassets in Resources */ = {isa = PBXBuildFile; fileRef = D702158A221AA1E30035A35A /* Assets.xcassets */; };
		D702158E221AA1E30035A35A /* LaunchScreen.storyboard in Resources */ = {isa = PBXBuildFile; fileRef = D702158C221AA1E30035A35A /* LaunchScreen.storyboard */; };
		D7021599221AA1E30035A35A /* FlixTests.swift in Sources */ = {isa = PBXBuildFile; fileRef = D7021598221AA1E30035A35A /* FlixTests.swift */; };
		D70215A4221AA1E30035A35A /* FlixUITests.swift in Sources */ = {isa = PBXBuildFile; fileRef = D70215A3221AA1E30035A35A /* FlixUITests.swift */; };
		D70215B2221AA6A30035A35A /* MovieCell.swift in Sources */ = {isa = PBXBuildFile; fileRef = D70215B1221AA6A30035A35A /* MovieCell.swift */; };
		D713E284222088FD007ACACE /* TrailerViewController.swift in Sources */ = {isa = PBXBuildFile; fileRef = D713E283222088FD007ACACE /* TrailerViewController.swift */; };
		D7C48753221CF9E8007AF929 /* DetailsViewController.swift in Sources */ = {isa = PBXBuildFile; fileRef = D7C48752221CF9E8007AF929 /* DetailsViewController.swift */; };
		D7C48755221D055D007AF929 /* MovieGridViewController.swift in Sources */ = {isa = PBXBuildFile; fileRef = D7C48754221D055D007AF929 /* MovieGridViewController.swift */; };
		D7C48757221D07FD007AF929 /* MovieGridCell.swift in Sources */ = {isa = PBXBuildFile; fileRef = D7C48756221D07FD007AF929 /* MovieGridCell.swift */; };
/* End PBXBuildFile section */

/* Begin PBXContainerItemProxy section */
		D7021595221AA1E30035A35A /* PBXContainerItemProxy */ = {
			isa = PBXContainerItemProxy;
			containerPortal = D7021578221AA1DB0035A35A /* Project object */;
			proxyType = 1;
			remoteGlobalIDString = D702157F221AA1DB0035A35A;
			remoteInfo = Flix;
		};
		D70215A0221AA1E30035A35A /* PBXContainerItemProxy */ = {
			isa = PBXContainerItemProxy;
			containerPortal = D7021578221AA1DB0035A35A /* Project object */;
			proxyType = 1;
			remoteGlobalIDString = D702157F221AA1DB0035A35A;
			remoteInfo = Flix;
		};
/* End PBXContainerItemProxy section */

/* Begin PBXFileReference section */
		1367C3DA896102C465D2F260 /* Pods-Flix.debug.xcconfig */ = {isa = PBXFileReference; includeInIndex = 1; lastKnownFileType = text.xcconfig; name = "Pods-Flix.debug.xcconfig"; path = "Target Support Files/Pods-Flix/Pods-Flix.debug.xcconfig"; sourceTree = "<group>"; };
		153D31191127DDDDF0C8D8E5 /* Pods-FlixTests.debug.xcconfig */ = {isa = PBXFileReference; includeInIndex = 1; lastKnownFileType = text.xcconfig; name = "Pods-FlixTests.debug.xcconfig"; path = "Target Support Files/Pods-FlixTests/Pods-FlixTests.debug.xcconfig"; sourceTree = "<group>"; };
		32E193AE05E2FB2EF625C9BD /* Pods_FlixUITests.framework */ = {isa = PBXFileReference; explicitFileType = wrapper.framework; includeInIndex = 0; path = Pods_FlixUITests.framework; sourceTree = BUILT_PRODUCTS_DIR; };
		6E8A8C22092D535E8D6FCA80 /* Pods_FlixTests.framework */ = {isa = PBXFileReference; explicitFileType = wrapper.framework; includeInIndex = 0; path = Pods_FlixTests.framework; sourceTree = BUILT_PRODUCTS_DIR; };
		73FBDC4FCF2E92B5BC0E275E /* Pods-FlixUITests.debug.xcconfig */ = {isa = PBXFileReference; includeInIndex = 1; lastKnownFileType = text.xcconfig; name = "Pods-FlixUITests.debug.xcconfig"; path = "Target Support Files/Pods-FlixUITests/Pods-FlixUITests.debug.xcconfig"; sourceTree = "<group>"; };
		81654C0E101E37DED5B14AF1 /* Pods-FlixTests.release.xcconfig */ = {isa = PBXFileReference; includeInIndex = 1; lastKnownFileType = text.xcconfig; name = "Pods-FlixTests.release.xcconfig"; path = "Target Support Files/Pods-FlixTests/Pods-FlixTests.release.xcconfig"; sourceTree = "<group>"; };
		A60AA7FA722A590937CE0C15 /* Pods-FlixUITests.release.xcconfig */ = {isa = PBXFileReference; includeInIndex = 1; lastKnownFileType = text.xcconfig; name = "Pods-FlixUITests.release.xcconfig"; path = "Target Support Files/Pods-FlixUITests/Pods-FlixUITests.release.xcconfig"; sourceTree = "<group>"; };
		B8AD68171A245BB77E5AD68E /* Pods-Flix.release.xcconfig */ = {isa = PBXFileReference; includeInIndex = 1; lastKnownFileType = text.xcconfig; name = "Pods-Flix.release.xcconfig"; path = "Target Support Files/Pods-Flix/Pods-Flix.release.xcconfig"; sourceTree = "<group>"; };
		C6B720513835D8F6469B3B78 /* Pods_Flix.framework */ = {isa = PBXFileReference; explicitFileType = wrapper.framework; includeInIndex = 0; path = Pods_Flix.framework; sourceTree = BUILT_PRODUCTS_DIR; };
		D7021580221AA1DB0035A35A /* Flix.app */ = {isa = PBXFileReference; explicitFileType = wrapper.application; includeInIndex = 0; path = Flix.app; sourceTree = BUILT_PRODUCTS_DIR; };
		D7021583221AA1DB0035A35A /* AppDelegate.swift */ = {isa = PBXFileReference; lastKnownFileType = sourcecode.swift; path = AppDelegate.swift; sourceTree = "<group>"; };
		D7021585221AA1DB0035A35A /* ViewController.swift */ = {isa = PBXFileReference; lastKnownFileType = sourcecode.swift; path = ViewController.swift; sourceTree = "<group>"; };
		D7021588221AA1DB0035A35A /* Base */ = {isa = PBXFileReference; lastKnownFileType = file.storyboard; name = Base; path = Base.lproj/Main.storyboard; sourceTree = "<group>"; };
		D702158A221AA1E30035A35A /* Assets.xcassets */ = {isa = PBXFileReference; lastKnownFileType = folder.assetcatalog; path = Assets.xcassets; sourceTree = "<group>"; };
		D702158D221AA1E30035A35A /* Base */ = {isa = PBXFileReference; lastKnownFileType = file.storyboard; name = Base; path = Base.lproj/LaunchScreen.storyboard; sourceTree = "<group>"; };
		D702158F221AA1E30035A35A /* Info.plist */ = {isa = PBXFileReference; lastKnownFileType = text.plist.xml; path = Info.plist; sourceTree = "<group>"; };
		D7021594221AA1E30035A35A /* FlixTests.xctest */ = {isa = PBXFileReference; explicitFileType = wrapper.cfbundle; includeInIndex = 0; path = FlixTests.xctest; sourceTree = BUILT_PRODUCTS_DIR; };
		D7021598221AA1E30035A35A /* FlixTests.swift */ = {isa = PBXFileReference; lastKnownFileType = sourcecode.swift; path = FlixTests.swift; sourceTree = "<group>"; };
		D702159A221AA1E30035A35A /* Info.plist */ = {isa = PBXFileReference; lastKnownFileType = text.plist.xml; path = Info.plist; sourceTree = "<group>"; };
		D702159F221AA1E30035A35A /* FlixUITests.xctest */ = {isa = PBXFileReference; explicitFileType = wrapper.cfbundle; includeInIndex = 0; path = FlixUITests.xctest; sourceTree = BUILT_PRODUCTS_DIR; };
		D70215A3221AA1E30035A35A /* FlixUITests.swift */ = {isa = PBXFileReference; lastKnownFileType = sourcecode.swift; path = FlixUITests.swift; sourceTree = "<group>"; };
		D70215A5221AA1E30035A35A /* Info.plist */ = {isa = PBXFileReference; lastKnownFileType = text.plist.xml; path = Info.plist; sourceTree = "<group>"; };
		D70215B1221AA6A30035A35A /* MovieCell.swift */ = {isa = PBXFileReference; lastKnownFileType = sourcecode.swift; path = MovieCell.swift; sourceTree = "<group>"; };
		D713E283222088FD007ACACE /* TrailerViewController.swift */ = {isa = PBXFileReference; lastKnownFileType = sourcecode.swift; path = TrailerViewController.swift; sourceTree = "<group>"; };
		D7C48752221CF9E8007AF929 /* DetailsViewController.swift */ = {isa = PBXFileReference; lastKnownFileType = sourcecode.swift; path = DetailsViewController.swift; sourceTree = "<group>"; };
		D7C48754221D055D007AF929 /* MovieGridViewController.swift */ = {isa = PBXFileReference; lastKnownFileType = sourcecode.swift; path = MovieGridViewController.swift; sourceTree = "<group>"; };
		D7C48756221D07FD007AF929 /* MovieGridCell.swift */ = {isa = PBXFileReference; lastKnownFileType = sourcecode.swift; path = MovieGridCell.swift; sourceTree = "<group>"; };
/* End PBXFileReference section */

/* Begin PBXFrameworksBuildPhase section */
		D702157D221AA1DB0035A35A /* Frameworks */ = {
			isa = PBXFrameworksBuildPhase;
			buildActionMask = 2147483647;
			files = (
				975B28DFA7A06445186BC2E6 /* Pods_Flix.framework in Frameworks */,
			);
			runOnlyForDeploymentPostprocessing = 0;
		};
		D7021591221AA1E30035A35A /* Frameworks */ = {
			isa = PBXFrameworksBuildPhase;
			buildActionMask = 2147483647;
			files = (
				D4E6564DDDE98ADB512E4E43 /* Pods_FlixTests.framework in Frameworks */,
			);
			runOnlyForDeploymentPostprocessing = 0;
		};
		D702159C221AA1E30035A35A /* Frameworks */ = {
			isa = PBXFrameworksBuildPhase;
			buildActionMask = 2147483647;
			files = (
				627BDBAF9B8A439D79B43F93 /* Pods_FlixUITests.framework in Frameworks */,
			);
			runOnlyForDeploymentPostprocessing = 0;
		};
/* End PBXFrameworksBuildPhase section */

/* Begin PBXGroup section */
		A778328AF1000E5ADAF453D0 /* Frameworks */ = {
			isa = PBXGroup;
			children = (
				C6B720513835D8F6469B3B78 /* Pods_Flix.framework */,
				6E8A8C22092D535E8D6FCA80 /* Pods_FlixTests.framework */,
				32E193AE05E2FB2EF625C9BD /* Pods_FlixUITests.framework */,
			);
			name = Frameworks;
			sourceTree = "<group>";
		};
		D7021577221AA1DB0035A35A = {
			isa = PBXGroup;
			children = (
				D7021582221AA1DB0035A35A /* Flix */,
				D7021597221AA1E30035A35A /* FlixTests */,
				D70215A2221AA1E30035A35A /* FlixUITests */,
				D7021581221AA1DB0035A35A /* Products */,
				DD37D8151BA6F8A3611A89A5 /* Pods */,
				A778328AF1000E5ADAF453D0 /* Frameworks */,
			);
			sourceTree = "<group>";
		};
		D7021581221AA1DB0035A35A /* Products */ = {
			isa = PBXGroup;
			children = (
				D7021580221AA1DB0035A35A /* Flix.app */,
				D7021594221AA1E30035A35A /* FlixTests.xctest */,
				D702159F221AA1E30035A35A /* FlixUITests.xctest */,
			);
			name = Products;
			sourceTree = "<group>";
		};
		D7021582221AA1DB0035A35A /* Flix */ = {
			isa = PBXGroup;
			children = (
				D713E2852220890E007ACACE /* ViewController */,
				D7021583221AA1DB0035A35A /* AppDelegate.swift */,
				D7021587221AA1DB0035A35A /* Main.storyboard */,
				D713E28622208925007ACACE /* View */,
				D702158A221AA1E30035A35A /* Assets.xcassets */,
				D702158C221AA1E30035A35A /* LaunchScreen.storyboard */,
				D702158F221AA1E30035A35A /* Info.plist */,
			);
			path = Flix;
			sourceTree = "<group>";
		};
		D7021597221AA1E30035A35A /* FlixTests */ = {
			isa = PBXGroup;
			children = (
				D7021598221AA1E30035A35A /* FlixTests.swift */,
				D702159A221AA1E30035A35A /* Info.plist */,
			);
			path = FlixTests;
			sourceTree = "<group>";
		};
		D70215A2221AA1E30035A35A /* FlixUITests */ = {
			isa = PBXGroup;
			children = (
				D70215A3221AA1E30035A35A /* FlixUITests.swift */,
				D70215A5221AA1E30035A35A /* Info.plist */,
			);
			path = FlixUITests;
			sourceTree = "<group>";
		};
		D713E2852220890E007ACACE /* ViewController */ = {
			isa = PBXGroup;
			children = (
				D7C48754221D055D007AF929 /* MovieGridViewController.swift */,
				D7C48752221CF9E8007AF929 /* DetailsViewController.swift */,
				D7021585221AA1DB0035A35A /* ViewController.swift */,
				D713E283222088FD007ACACE /* TrailerViewController.swift */,
			);
			path = ViewController;
			sourceTree = "<group>";
		};
		D713E28622208925007ACACE /* View */ = {
			isa = PBXGroup;
			children = (
				D70215B1221AA6A30035A35A /* MovieCell.swift */,
				D7C48756221D07FD007AF929 /* MovieGridCell.swift */,
			);
			path = View;
			sourceTree = "<group>";
		};
		DD37D8151BA6F8A3611A89A5 /* Pods */ = {
			isa = PBXGroup;
			children = (
				1367C3DA896102C465D2F260 /* Pods-Flix.debug.xcconfig */,
				B8AD68171A245BB77E5AD68E /* Pods-Flix.release.xcconfig */,
				153D31191127DDDDF0C8D8E5 /* Pods-FlixTests.debug.xcconfig */,
				81654C0E101E37DED5B14AF1 /* Pods-FlixTests.release.xcconfig */,
				73FBDC4FCF2E92B5BC0E275E /* Pods-FlixUITests.debug.xcconfig */,
				A60AA7FA722A590937CE0C15 /* Pods-FlixUITests.release.xcconfig */,
			);
			path = Pods;
			sourceTree = "<group>";
		};
/* End PBXGroup section */

/* Begin PBXNativeTarget section */
		D702157F221AA1DB0035A35A /* Flix */ = {
			isa = PBXNativeTarget;
			buildConfigurationList = D70215A8221AA1E30035A35A /* Build configuration list for PBXNativeTarget "Flix" */;
			buildPhases = (
				4C84E40D6CB104C1045A1487 /* [CP] Check Pods Manifest.lock */,
				D702157C221AA1DB0035A35A /* Sources */,
				D702157D221AA1DB0035A35A /* Frameworks */,
				D702157E221AA1DB0035A35A /* Resources */,
				C1F8F9228484A45EEDA2CD44 /* [CP] Embed Pods Frameworks */,
			);
			buildRules = (
			);
			dependencies = (
			);
			name = Flix;
			productName = Flix;
			productReference = D7021580221AA1DB0035A35A /* Flix.app */;
			productType = "com.apple.product-type.application";
		};
		D7021593221AA1E30035A35A /* FlixTests */ = {
			isa = PBXNativeTarget;
			buildConfigurationList = D70215AB221AA1E30035A35A /* Build configuration list for PBXNativeTarget "FlixTests" */;
			buildPhases = (
				763929BD95825C7EFB4C19CC /* [CP] Check Pods Manifest.lock */,
				D7021590221AA1E30035A35A /* Sources */,
				D7021591221AA1E30035A35A /* Frameworks */,
				D7021592221AA1E30035A35A /* Resources */,
			);
			buildRules = (
			);
			dependencies = (
				D7021596221AA1E30035A35A /* PBXTargetDependency */,
			);
			name = FlixTests;
			productName = FlixTests;
			productReference = D7021594221AA1E30035A35A /* FlixTests.xctest */;
			productType = "com.apple.product-type.bundle.unit-test";
		};
		D702159E221AA1E30035A35A /* FlixUITests */ = {
			isa = PBXNativeTarget;
			buildConfigurationList = D70215AE221AA1E30035A35A /* Build configuration list for PBXNativeTarget "FlixUITests" */;
			buildPhases = (
				0CD1B28E6529E134BFD9943E /* [CP] Check Pods Manifest.lock */,
				D702159B221AA1E30035A35A /* Sources */,
				D702159C221AA1E30035A35A /* Frameworks */,
				D702159D221AA1E30035A35A /* Resources */,
			);
			buildRules = (
			);
			dependencies = (
				D70215A1221AA1E30035A35A /* PBXTargetDependency */,
			);
			name = FlixUITests;
			productName = FlixUITests;
			productReference = D702159F221AA1E30035A35A /* FlixUITests.xctest */;
			productType = "com.apple.product-type.bundle.ui-testing";
		};
/* End PBXNativeTarget section */

/* Begin PBXProject section */
		D7021578221AA1DB0035A35A /* Project object */ = {
			isa = PBXProject;
			attributes = {
				LastSwiftUpdateCheck = 1010;
				LastUpgradeCheck = 1010;
				ORGANIZATIONNAME = "Kazutaka Homma";
				TargetAttributes = {
					D702157F221AA1DB0035A35A = {
						CreatedOnToolsVersion = 10.1;
					};
					D7021593221AA1E30035A35A = {
						CreatedOnToolsVersion = 10.1;
						TestTargetID = D702157F221AA1DB0035A35A;
					};
					D702159E221AA1E30035A35A = {
						CreatedOnToolsVersion = 10.1;
						TestTargetID = D702157F221AA1DB0035A35A;
					};
				};
			};
			buildConfigurationList = D702157B221AA1DB0035A35A /* Build configuration list for PBXProject "Flix" */;
			compatibilityVersion = "Xcode 9.3";
			developmentRegion = en;
			hasScannedForEncodings = 0;
			knownRegions = (
				en,
				Base,
			);
			mainGroup = D7021577221AA1DB0035A35A;
			productRefGroup = D7021581221AA1DB0035A35A /* Products */;
			projectDirPath = "";
			projectRoot = "";
			targets = (
				D702157F221AA1DB0035A35A /* Flix */,
				D7021593221AA1E30035A35A /* FlixTests */,
				D702159E221AA1E30035A35A /* FlixUITests */,
			);
		};
/* End PBXProject section */

/* Begin PBXResourcesBuildPhase section */
		D702157E221AA1DB0035A35A /* Resources */ = {
			isa = PBXResourcesBuildPhase;
			buildActionMask = 2147483647;
			files = (
				D702158E221AA1E30035A35A /* LaunchScreen.storyboard in Resources */,
				D702158B221AA1E30035A35A /* Assets.xcassets in Resources */,
				D7021589221AA1DB0035A35A /* Main.storyboard in Resources */,
			);
			runOnlyForDeploymentPostprocessing = 0;
		};
		D7021592221AA1E30035A35A /* Resources */ = {
			isa = PBXResourcesBuildPhase;
			buildActionMask = 2147483647;
			files = (
			);
			runOnlyForDeploymentPostprocessing = 0;
		};
		D702159D221AA1E30035A35A /* Resources */ = {
			isa = PBXResourcesBuildPhase;
			buildActionMask = 2147483647;
			files = (
			);
			runOnlyForDeploymentPostprocessing = 0;
		};
/* End PBXResourcesBuildPhase section */

/* Begin PBXShellScriptBuildPhase section */
		0CD1B28E6529E134BFD9943E /* [CP] Check Pods Manifest.lock */ = {
			isa = PBXShellScriptBuildPhase;
			buildActionMask = 2147483647;
			files = (
			);
			inputFileListPaths = (
			);
			inputPaths = (
				"${PODS_PODFILE_DIR_PATH}/Podfile.lock",
				"${PODS_ROOT}/Manifest.lock",
			);
			name = "[CP] Check Pods Manifest.lock";
			outputFileListPaths = (
			);
			outputPaths = (
				"$(DERIVED_FILE_DIR)/Pods-FlixUITests-checkManifestLockResult.txt",
			);
			runOnlyForDeploymentPostprocessing = 0;
			shellPath = /bin/sh;
			shellScript = "diff \"${PODS_PODFILE_DIR_PATH}/Podfile.lock\" \"${PODS_ROOT}/Manifest.lock\" > /dev/null\nif [ $? != 0 ] ; then\n    # print error to STDERR\n    echo \"error: The sandbox is not in sync with the Podfile.lock. Run 'pod install' or update your CocoaPods installation.\" >&2\n    exit 1\nfi\n# This output is used by Xcode 'outputs' to avoid re-running this script phase.\necho \"SUCCESS\" > \"${SCRIPT_OUTPUT_FILE_0}\"\n";
			showEnvVarsInLog = 0;
		};
		4C84E40D6CB104C1045A1487 /* [CP] Check Pods Manifest.lock */ = {
			isa = PBXShellScriptBuildPhase;
			buildActionMask = 2147483647;
			files = (
			);
			inputFileListPaths = (
			);
			inputPaths = (
				"${PODS_PODFILE_DIR_PATH}/Podfile.lock",
				"${PODS_ROOT}/Manifest.lock",
			);
			name = "[CP] Check Pods Manifest.lock";
			outputFileListPaths = (
			);
			outputPaths = (
				"$(DERIVED_FILE_DIR)/Pods-Flix-checkManifestLockResult.txt",
			);
			runOnlyForDeploymentPostprocessing = 0;
			shellPath = /bin/sh;
			shellScript = "diff \"${PODS_PODFILE_DIR_PATH}/Podfile.lock\" \"${PODS_ROOT}/Manifest.lock\" > /dev/null\nif [ $? != 0 ] ; then\n    # print error to STDERR\n    echo \"error: The sandbox is not in sync with the Podfile.lock. Run 'pod install' or update your CocoaPods installation.\" >&2\n    exit 1\nfi\n# This output is used by Xcode 'outputs' to avoid re-running this script phase.\necho \"SUCCESS\" > \"${SCRIPT_OUTPUT_FILE_0}\"\n";
			showEnvVarsInLog = 0;
		};
		763929BD95825C7EFB4C19CC /* [CP] Check Pods Manifest.lock */ = {
			isa = PBXShellScriptBuildPhase;
			buildActionMask = 2147483647;
			files = (
			);
			inputFileListPaths = (
			);
			inputPaths = (
				"${PODS_PODFILE_DIR_PATH}/Podfile.lock",
				"${PODS_ROOT}/Manifest.lock",
			);
			name = "[CP] Check Pods Manifest.lock";
			outputFileListPaths = (
			);
			outputPaths = (
				"$(DERIVED_FILE_DIR)/Pods-FlixTests-checkManifestLockResult.txt",
			);
			runOnlyForDeploymentPostprocessing = 0;
			shellPath = /bin/sh;
			shellScript = "diff \"${PODS_PODFILE_DIR_PATH}/Podfile.lock\" \"${PODS_ROOT}/Manifest.lock\" > /dev/null\nif [ $? != 0 ] ; then\n    # print error to STDERR\n    echo \"error: The sandbox is not in sync with the Podfile.lock. Run 'pod install' or update your CocoaPods installation.\" >&2\n    exit 1\nfi\n# This output is used by Xcode 'outputs' to avoid re-running this script phase.\necho \"SUCCESS\" > \"${SCRIPT_OUTPUT_FILE_0}\"\n";
			showEnvVarsInLog = 0;
		};
		C1F8F9228484A45EEDA2CD44 /* [CP] Embed Pods Frameworks */ = {
			isa = PBXShellScriptBuildPhase;
			buildActionMask = 2147483647;
			files = (
			);
			inputFileListPaths = (
			);
			inputPaths = (
				"${PODS_ROOT}/Target Support Files/Pods-Flix/Pods-Flix-frameworks.sh",
				"${BUILT_PRODUCTS_DIR}/Alamofire/Alamofire.framework",
				"${BUILT_PRODUCTS_DIR}/AlamofireImage/AlamofireImage.framework",
			);
			name = "[CP] Embed Pods Frameworks";
			outputFileListPaths = (
			);
			outputPaths = (
				"${TARGET_BUILD_DIR}/${FRAMEWORKS_FOLDER_PATH}/Alamofire.framework",
				"${TARGET_BUILD_DIR}/${FRAMEWORKS_FOLDER_PATH}/AlamofireImage.framework",
			);
			runOnlyForDeploymentPostprocessing = 0;
			shellPath = /bin/sh;
			shellScript = "\"${PODS_ROOT}/Target Support Files/Pods-Flix/Pods-Flix-frameworks.sh\"\n";
			showEnvVarsInLog = 0;
		};
/* End PBXShellScriptBuildPhase section */

/* Begin PBXSourcesBuildPhase section */
		D702157C221AA1DB0035A35A /* Sources */ = {
			isa = PBXSourcesBuildPhase;
			buildActionMask = 2147483647;
			files = (
				D7C48755221D055D007AF929 /* MovieGridViewController.swift in Sources */,
				D7021586221AA1DB0035A35A /* ViewController.swift in Sources */,
				D713E284222088FD007ACACE /* TrailerViewController.swift in Sources */,
				D70215B2221AA6A30035A35A /* MovieCell.swift in Sources */,
				D7021584221AA1DB0035A35A /* AppDelegate.swift in Sources */,
				D7C48757221D07FD007AF929 /* MovieGridCell.swift in Sources */,
				D7C48753221CF9E8007AF929 /* DetailsViewController.swift in Sources */,
			);
			runOnlyForDeploymentPostprocessing = 0;
		};
		D7021590221AA1E30035A35A /* Sources */ = {
			isa = PBXSourcesBuildPhase;
			buildActionMask = 2147483647;
			files = (
				D7021599221AA1E30035A35A /* FlixTests.swift in Sources */,
			);
			runOnlyForDeploymentPostprocessing = 0;
		};
		D702159B221AA1E30035A35A /* Sources */ = {
			isa = PBXSourcesBuildPhase;
			buildActionMask = 2147483647;
			files = (
				D70215A4221AA1E30035A35A /* FlixUITests.swift in Sources */,
			);
			runOnlyForDeploymentPostprocessing = 0;
		};
/* End PBXSourcesBuildPhase section */

/* Begin PBXTargetDependency section */
		D7021596221AA1E30035A35A /* PBXTargetDependency */ = {
			isa = PBXTargetDependency;
			target = D702157F221AA1DB0035A35A /* Flix */;
			targetProxy = D7021595221AA1E30035A35A /* PBXContainerItemProxy */;
		};
		D70215A1221AA1E30035A35A /* PBXTargetDependency */ = {
			isa = PBXTargetDependency;
			target = D702157F221AA1DB0035A35A /* Flix */;
			targetProxy = D70215A0221AA1E30035A35A /* PBXContainerItemProxy */;
		};
/* End PBXTargetDependency section */

/* Begin PBXVariantGroup section */
		D7021587221AA1DB0035A35A /* Main.storyboard */ = {
			isa = PBXVariantGroup;
			children = (
				D7021588221AA1DB0035A35A /* Base */,
			);
			name = Main.storyboard;
			sourceTree = "<group>";
		};
		D702158C221AA1E30035A35A /* LaunchScreen.storyboard */ = {
			isa = PBXVariantGroup;
			children = (
				D702158D221AA1E30035A35A /* Base */,
			);
			name = LaunchScreen.storyboard;
			sourceTree = "<group>";
		};
/* End PBXVariantGroup section */

/* Begin XCBuildConfiguration section */
		D70215A6221AA1E30035A35A /* Debug */ = {
			isa = XCBuildConfiguration;
			buildSettings = {
				ALWAYS_SEARCH_USER_PATHS = NO;
				CLANG_ANALYZER_NONNULL = YES;
				CLANG_ANALYZER_NUMBER_OBJECT_CONVERSION = YES_AGGRESSIVE;
				CLANG_CXX_LANGUAGE_STANDARD = "gnu++14";
				CLANG_CXX_LIBRARY = "libc++";
				CLANG_ENABLE_MODULES = YES;
				CLANG_ENABLE_OBJC_ARC = YES;
				CLANG_ENABLE_OBJC_WEAK = YES;
				CLANG_WARN_BLOCK_CAPTURE_AUTORELEASING = YES;
				CLANG_WARN_BOOL_CONVERSION = YES;
				CLANG_WARN_COMMA = YES;
				CLANG_WARN_CONSTANT_CONVERSION = YES;
				CLANG_WARN_DEPRECATED_OBJC_IMPLEMENTATIONS = YES;
				CLANG_WARN_DIRECT_OBJC_ISA_USAGE = YES_ERROR;
				CLANG_WARN_DOCUMENTATION_COMMENTS = YES;
				CLANG_WARN_EMPTY_BODY = YES;
				CLANG_WARN_ENUM_CONVERSION = YES;
				CLANG_WARN_INFINITE_RECURSION = YES;
				CLANG_WARN_INT_CONVERSION = YES;
				CLANG_WARN_NON_LITERAL_NULL_CONVERSION = YES;
				CLANG_WARN_OBJC_IMPLICIT_RETAIN_SELF = YES;
				CLANG_WARN_OBJC_LITERAL_CONVERSION = YES;
				CLANG_WARN_OBJC_ROOT_CLASS = YES_ERROR;
				CLANG_WARN_RANGE_LOOP_ANALYSIS = YES;
				CLANG_WARN_STRICT_PROTOTYPES = YES;
				CLANG_WARN_SUSPICIOUS_MOVE = YES;
				CLANG_WARN_UNGUARDED_AVAILABILITY = YES_AGGRESSIVE;
				CLANG_WARN_UNREACHABLE_CODE = YES;
				CLANG_WARN__DUPLICATE_METHOD_MATCH = YES;
				CODE_SIGN_IDENTITY = "iPhone Developer";
				COPY_PHASE_STRIP = NO;
				DEBUG_INFORMATION_FORMAT = dwarf;
				ENABLE_STRICT_OBJC_MSGSEND = YES;
				ENABLE_TESTABILITY = YES;
				GCC_C_LANGUAGE_STANDARD = gnu11;
				GCC_DYNAMIC_NO_PIC = NO;
				GCC_NO_COMMON_BLOCKS = YES;
				GCC_OPTIMIZATION_LEVEL = 0;
				GCC_PREPROCESSOR_DEFINITIONS = (
					"DEBUG=1",
					"$(inherited)",
				);
				GCC_WARN_64_TO_32_BIT_CONVERSION = YES;
				GCC_WARN_ABOUT_RETURN_TYPE = YES_ERROR;
				GCC_WARN_UNDECLARED_SELECTOR = YES;
				GCC_WARN_UNINITIALIZED_AUTOS = YES_AGGRESSIVE;
				GCC_WARN_UNUSED_FUNCTION = YES;
				GCC_WARN_UNUSED_VARIABLE = YES;
				IPHONEOS_DEPLOYMENT_TARGET = 12.1;
				MTL_ENABLE_DEBUG_INFO = INCLUDE_SOURCE;
				MTL_FAST_MATH = YES;
				ONLY_ACTIVE_ARCH = YES;
				SDKROOT = iphoneos;
				SWIFT_ACTIVE_COMPILATION_CONDITIONS = DEBUG;
				SWIFT_OPTIMIZATION_LEVEL = "-Onone";
			};
			name = Debug;
		};
		D70215A7221AA1E30035A35A /* Release */ = {
			isa = XCBuildConfiguration;
			buildSettings = {
				ALWAYS_SEARCH_USER_PATHS = NO;
				CLANG_ANALYZER_NONNULL = YES;
				CLANG_ANALYZER_NUMBER_OBJECT_CONVERSION = YES_AGGRESSIVE;
				CLANG_CXX_LANGUAGE_STANDARD = "gnu++14";
				CLANG_CXX_LIBRARY = "libc++";
				CLANG_ENABLE_MODULES = YES;
				CLANG_ENABLE_OBJC_ARC = YES;
				CLANG_ENABLE_OBJC_WEAK = YES;
				CLANG_WARN_BLOCK_CAPTURE_AUTORELEASING = YES;
				CLANG_WARN_BOOL_CONVERSION = YES;
				CLANG_WARN_COMMA = YES;
				CLANG_WARN_CONSTANT_CONVERSION = YES;
				CLANG_WARN_DEPRECATED_OBJC_IMPLEMENTATIONS = YES;
				CLANG_WARN_DIRECT_OBJC_ISA_USAGE = YES_ERROR;
				CLANG_WARN_DOCUMENTATION_COMMENTS = YES;
				CLANG_WARN_EMPTY_BODY = YES;
				CLANG_WARN_ENUM_CONVERSION = YES;
				CLANG_WARN_INFINITE_RECURSION = YES;
				CLANG_WARN_INT_CONVERSION = YES;
				CLANG_WARN_NON_LITERAL_NULL_CONVERSION = YES;
				CLANG_WARN_OBJC_IMPLICIT_RETAIN_SELF = YES;
				CLANG_WARN_OBJC_LITERAL_CONVERSION = YES;
				CLANG_WARN_OBJC_ROOT_CLASS = YES_ERROR;
				CLANG_WARN_RANGE_LOOP_ANALYSIS = YES;
				CLANG_WARN_STRICT_PROTOTYPES = YES;
				CLANG_WARN_SUSPICIOUS_MOVE = YES;
				CLANG_WARN_UNGUARDED_AVAILABILITY = YES_AGGRESSIVE;
				CLANG_WARN_UNREACHABLE_CODE = YES;
				CLANG_WARN__DUPLICATE_METHOD_MATCH = YES;
				CODE_SIGN_IDENTITY = "iPhone Developer";
				COPY_PHASE_STRIP = NO;
				DEBUG_INFORMATION_FORMAT = "dwarf-with-dsym";
				ENABLE_NS_ASSERTIONS = NO;
				ENABLE_STRICT_OBJC_MSGSEND = YES;
				GCC_C_LANGUAGE_STANDARD = gnu11;
				GCC_NO_COMMON_BLOCKS = YES;
				GCC_WARN_64_TO_32_BIT_CONVERSION = YES;
				GCC_WARN_ABOUT_RETURN_TYPE = YES_ERROR;
				GCC_WARN_UNDECLARED_SELECTOR = YES;
				GCC_WARN_UNINITIALIZED_AUTOS = YES_AGGRESSIVE;
				GCC_WARN_UNUSED_FUNCTION = YES;
				GCC_WARN_UNUSED_VARIABLE = YES;
				IPHONEOS_DEPLOYMENT_TARGET = 12.1;
				MTL_ENABLE_DEBUG_INFO = NO;
				MTL_FAST_MATH = YES;
				SDKROOT = iphoneos;
				SWIFT_COMPILATION_MODE = wholemodule;
				SWIFT_OPTIMIZATION_LEVEL = "-O";
				VALIDATE_PRODUCT = YES;
			};
			name = Release;
		};
		D70215A9221AA1E30035A35A /* Debug */ = {
			isa = XCBuildConfiguration;
			baseConfigurationReference = 1367C3DA896102C465D2F260 /* Pods-Flix.debug.xcconfig */;
			buildSettings = {
				ASSETCATALOG_COMPILER_APPICON_NAME = AppIcon;
				CODE_SIGN_STYLE = Automatic;
				DEVELOPMENT_TEAM = 2M5Z36K6T8;
				INFOPLIST_FILE = Flix/Info.plist;
				LD_RUNPATH_SEARCH_PATHS = (
					"$(inherited)",
					"@executable_path/Frameworks",
				);
				PRODUCT_BUNDLE_IDENTIFIER = io.github.Kazutaka333.Flix;
				PRODUCT_NAME = "$(TARGET_NAME)";
				SWIFT_VERSION = 4.2;
				TARGETED_DEVICE_FAMILY = "1,2";
			};
			name = Debug;
		};
		D70215AA221AA1E30035A35A /* Release */ = {
			isa = XCBuildConfiguration;
			baseConfigurationReference = B8AD68171A245BB77E5AD68E /* Pods-Flix.release.xcconfig */;
			buildSettings = {
				ASSETCATALOG_COMPILER_APPICON_NAME = AppIcon;
				CODE_SIGN_STYLE = Automatic;
				DEVELOPMENT_TEAM = 2M5Z36K6T8;
				INFOPLIST_FILE = Flix/Info.plist;
				LD_RUNPATH_SEARCH_PATHS = (
					"$(inherited)",
					"@executable_path/Frameworks",
				);
				PRODUCT_BUNDLE_IDENTIFIER = io.github.Kazutaka333.Flix;
				PRODUCT_NAME = "$(TARGET_NAME)";
				SWIFT_VERSION = 4.2;
				TARGETED_DEVICE_FAMILY = "1,2";
			};
			name = Release;
		};
		D70215AC221AA1E30035A35A /* Debug */ = {
			isa = XCBuildConfiguration;
			baseConfigurationReference = 153D31191127DDDDF0C8D8E5 /* Pods-FlixTests.debug.xcconfig */;
			buildSettings = {
				ALWAYS_EMBED_SWIFT_STANDARD_LIBRARIES = YES;
				BUNDLE_LOADER = "$(TEST_HOST)";
				CODE_SIGN_STYLE = Automatic;
				INFOPLIST_FILE = FlixTests/Info.plist;
				LD_RUNPATH_SEARCH_PATHS = (
					"$(inherited)",
					"@executable_path/Frameworks",
					"@loader_path/Frameworks",
				);
				PRODUCT_BUNDLE_IDENTIFIER = io.github.Kazutaka333.FlixTests;
				PRODUCT_NAME = "$(TARGET_NAME)";
				SWIFT_VERSION = 4.2;
				TARGETED_DEVICE_FAMILY = "1,2";
				TEST_HOST = "$(BUILT_PRODUCTS_DIR)/Flix.app/Flix";
			};
			name = Debug;
		};
		D70215AD221AA1E30035A35A /* Release */ = {
			isa = XCBuildConfiguration;
			baseConfigurationReference = 81654C0E101E37DED5B14AF1 /* Pods-FlixTests.release.xcconfig */;
			buildSettings = {
				ALWAYS_EMBED_SWIFT_STANDARD_LIBRARIES = YES;
				BUNDLE_LOADER = "$(TEST_HOST)";
				CODE_SIGN_STYLE = Automatic;
				INFOPLIST_FILE = FlixTests/Info.plist;
				LD_RUNPATH_SEARCH_PATHS = (
					"$(inherited)",
					"@executable_path/Frameworks",
					"@loader_path/Frameworks",
				);
				PRODUCT_BUNDLE_IDENTIFIER = io.github.Kazutaka333.FlixTests;
				PRODUCT_NAME = "$(TARGET_NAME)";
				SWIFT_VERSION = 4.2;
				TARGETED_DEVICE_FAMILY = "1,2";
				TEST_HOST = "$(BUILT_PRODUCTS_DIR)/Flix.app/Flix";
			};
			name = Release;
		};
		D70215AF221AA1E30035A35A /* Debug */ = {
			isa = XCBuildConfiguration;
			baseConfigurationReference = 73FBDC4FCF2E92B5BC0E275E /* Pods-FlixUITests.debug.xcconfig */;
			buildSettings = {
				ALWAYS_EMBED_SWIFT_STANDARD_LIBRARIES = YES;
				CODE_SIGN_STYLE = Automatic;
				INFOPLIST_FILE = FlixUITests/Info.plist;
				LD_RUNPATH_SEARCH_PATHS = (
					"$(inherited)",
					"@executable_path/Frameworks",
					"@loader_path/Frameworks",
				);
				PRODUCT_BUNDLE_IDENTIFIER = io.github.Kazutaka333.FlixUITests;
				PRODUCT_NAME = "$(TARGET_NAME)";
				SWIFT_VERSION = 4.2;
				TARGETED_DEVICE_FAMILY = "1,2";
				TEST_TARGET_NAME = Flix;
			};
			name = Debug;
		};
		D70215B0221AA1E30035A35A /* Release */ = {
			isa = XCBuildConfiguration;
			baseConfigurationReference = A60AA7FA722A590937CE0C15 /* Pods-FlixUITests.release.xcconfig */;
			buildSettings = {
				ALWAYS_EMBED_SWIFT_STANDARD_LIBRARIES = YES;
				CODE_SIGN_STYLE = Automatic;
				INFOPLIST_FILE = FlixUITests/Info.plist;
				LD_RUNPATH_SEARCH_PATHS = (
					"$(inherited)",
					"@executable_path/Frameworks",
					"@loader_path/Frameworks",
				);
				PRODUCT_BUNDLE_IDENTIFIER = io.github.Kazutaka333.FlixUITests;
				PRODUCT_NAME = "$(TARGET_NAME)";
				SWIFT_VERSION = 4.2;
				TARGETED_DEVICE_FAMILY = "1,2";
				TEST_TARGET_NAME = Flix;
			};
			name = Release;
		};
/* End XCBuildConfiguration section */

/* Begin XCConfigurationList section */
		D702157B221AA1DB0035A35A /* Build configuration list for PBXProject "Flix" */ = {
			isa = XCConfigurationList;
			buildConfigurations = (
				D70215A6221AA1E30035A35A /* Debug */,
				D70215A7221AA1E30035A35A /* Release */,
			);
			defaultConfigurationIsVisible = 0;
			defaultConfigurationName = Release;
		};
		D70215A8221AA1E30035A35A /* Build configuration list for PBXNativeTarget "Flix" */ = {
			isa = XCConfigurationList;
			buildConfigurations = (
				D70215A9221AA1E30035A35A /* Debug */,
				D70215AA221AA1E30035A35A /* Release */,
			);
			defaultConfigurationIsVisible = 0;
			defaultConfigurationName = Release;
		};
		D70215AB221AA1E30035A35A /* Build configuration list for PBXNativeTarget "FlixTests" */ = {
			isa = XCConfigurationList;
			buildConfigurations = (
				D70215AC221AA1E30035A35A /* Debug */,
				D70215AD221AA1E30035A35A /* Release */,
			);
			defaultConfigurationIsVisible = 0;
			defaultConfigurationName = Release;
		};
		D70215AE221AA1E30035A35A /* Build configuration list for PBXNativeTarget "FlixUITests" */ = {
			isa = XCConfigurationList;
			buildConfigurations = (
				D70215AF221AA1E30035A35A /* Debug */,
				D70215B0221AA1E30035A35A /* Release */,
			);
			defaultConfigurationIsVisible = 0;
			defaultConfigurationName = Release;
		};
/* End XCConfigurationList section */
	};
	rootObject = D7021578221AA1DB0035A35A /* Project object */;
}
